
Microsoft Visual Studio Solution File, Format Version 12.00
# Visual Studio 15
VisualStudioVersion = 15.0.28307.421
MinimumVisualStudioVersion = 10.0.40219.1
Project("{FAE04EC0-301F-11D3-BF4B-00C04F79EFBC}") = "FELFactura", "FELFactura\FELFactura.csproj", "{FBC2748D-0502-450E-8754-18FA67CDF4C5}"
EndProject
Project("{FAE04EC0-301F-11D3-BF4B-00C04F79EFBC}") = "Modelos", "Modelos\Modelos.csproj", "{C8CB8775-7534-4837-AF3A-063AA7B413E9}"
EndProject
Project("{FAE04EC0-301F-11D3-BF4B-00C04F79EFBC}") = "Firma", "..\FirmaDocumento\Firma\Firma.csproj", "{15F30543-0C6C-4A0D-9F05-F6EF8E81C68C}"
EndProject
Global
	GlobalSection(SolutionConfigurationPlatforms) = preSolution
		Debug|Any CPU = Debug|Any CPU
		Release|Any CPU = Release|Any CPU
	EndGlobalSection
	GlobalSection(ProjectConfigurationPlatforms) = postSolution
		{FBC2748D-0502-450E-8754-18FA67CDF4C5}.Debug|Any CPU.ActiveCfg = Debug|Any CPU
		{FBC2748D-0502-450E-8754-18FA67CDF4C5}.Debug|Any CPU.Build.0 = Debug|Any CPU
		{FBC2748D-0502-450E-8754-18FA67CDF4C5}.Release|Any CPU.ActiveCfg = Release|Any CPU
		{FBC2748D-0502-450E-8754-18FA67CDF4C5}.Release|Any CPU.Build.0 = Release|Any CPU
		{C8CB8775-7534-4837-AF3A-063AA7B413E9}.Debug|Any CPU.ActiveCfg = Debug|Any CPU
		{C8CB8775-7534-4837-AF3A-063AA7B413E9}.Debug|Any CPU.Build.0 = Debug|Any CPU
		{C8CB8775-7534-4837-AF3A-063AA7B413E9}.Release|Any CPU.ActiveCfg = Release|Any CPU
		{C8CB8775-7534-4837-AF3A-063AA7B413E9}.Release|Any CPU.Build.0 = Release|Any CPU
		{15F30543-0C6C-4A0D-9F05-F6EF8E81C68C}.Debug|Any CPU.ActiveCfg = Debug|Any CPU
		{15F30543-0C6C-4A0D-9F05-F6EF8E81C68C}.Debug|Any CPU.Build.0 = Debug|Any CPU
		{15F30543-0C6C-4A0D-9F05-F6EF8E81C68C}.Release|Any CPU.ActiveCfg = Release|Any CPU
		{15F30543-0C6C-4A0D-9F05-F6EF8E81C68C}.Release|Any CPU.Build.0 = Release|Any CPU
	EndGlobalSection
	GlobalSection(SolutionProperties) = preSolution
		HideSolutionNode = FALSE
	EndGlobalSection
	GlobalSection(ExtensibilityGlobals) = postSolution
		SolutionGuid = {5F99533E-775F-4117-BD16-D0EED8C0D2A5}
	EndGlobalSection
EndGlobal
